// !$*UTF8*$!
{
	archiveVersion = 1;
	classes = {
	};
	objectVersion = 50;
	objects = {

/* Begin PBXBuildFile section */
		3B0D5BBF21268E6000E7D13F /* gtest.framework in Frameworks */ = {isa = PBXBuildFile; fileRef = 3B0D5BBE21268E6000E7D13F /* gtest.framework */; };
		3B4094CD20F6DB5800C4BE89 /* Interval.cpp in Sources */ = {isa = PBXBuildFile; fileRef = 3B4094CB20F6DB5800C4BE89 /* Interval.cpp */; };
		3BC95EA82125730800ABCBBF /* Queue.cpp in Sources */ = {isa = PBXBuildFile; fileRef = 3BC95EA72125730700ABCBBF /* Queue.cpp */; };
		3BC95EAF2125733400ABCBBF /* Stack.cpp in Sources */ = {isa = PBXBuildFile; fileRef = 3BC95EAE2125733400ABCBBF /* Stack.cpp */; };
		3BC95EB5212573BF00ABCBBF /* StackUnitTest.cpp in Sources */ = {isa = PBXBuildFile; fileRef = 3BC95EB3212573BF00ABCBBF /* StackUnitTest.cpp */; };
		3BC95EB82125744B00ABCBBF /* QueueUnitTest.cpp in Sources */ = {isa = PBXBuildFile; fileRef = 3BC95EB62125744B00ABCBBF /* QueueUnitTest.cpp */; };
		3BC95EBB212574B400ABCBBF /* IntervalUnitTest.cpp in Sources */ = {isa = PBXBuildFile; fileRef = 3BC95EB9212574B400ABCBBF /* IntervalUnitTest.cpp */; };
		3BC95EBE2125765000ABCBBF /* BTreeUnitTest.cpp in Sources */ = {isa = PBXBuildFile; fileRef = 3BC95EBC2125765000ABCBBF /* BTreeUnitTest.cpp */; };
		3BE3EB9420ECA88400A100AA /* main.cpp in Sources */ = {isa = PBXBuildFile; fileRef = 3BE3EB9320ECA88400A100AA /* main.cpp */; };
		3BE3EB9C20ECA8A600A100AA /* BTree.cpp in Sources */ = {isa = PBXBuildFile; fileRef = 3BE3EB9A20ECA8A600A100AA /* BTree.cpp */; };
/* End PBXBuildFile section */

/* Begin PBXCopyFilesBuildPhase section */
		3BE3EB8E20ECA88400A100AA /* CopyFiles */ = {
			isa = PBXCopyFilesBuildPhase;
			buildActionMask = 2147483647;
			dstPath = /usr/share/man/man1/;
			dstSubfolderSpec = 0;
			files = (
			);
			runOnlyForDeploymentPostprocessing = 1;
		};
/* End PBXCopyFilesBuildPhase section */

/* Begin PBXFileReference section */
		3B0D5BBE21268E6000E7D13F /* gtest.framework */ = {isa = PBXFileReference; lastKnownFileType = wrapper.framework; name = gtest.framework; path = googletest/gtest.framework; sourceTree = "<group>"; };
		3B4094CB20F6DB5800C4BE89 /* Interval.cpp */ = {isa = PBXFileReference; lastKnownFileType = sourcecode.cpp.cpp; path = Interval.cpp; sourceTree = "<group>"; };
		3B4094CC20F6DB5800C4BE89 /* Interval.hpp */ = {isa = PBXFileReference; lastKnownFileType = sourcecode.cpp.h; path = Interval.hpp; sourceTree = "<group>"; };
		3BC95EA72125730700ABCBBF /* Queue.cpp */ = {isa = PBXFileReference; lastKnownFileType = sourcecode.cpp.cpp; path = Queue.cpp; sourceTree = "<group>"; };
		3BC95EA92125730C00ABCBBF /* Queue.hpp */ = {isa = PBXFileReference; lastKnownFileType = sourcecode.cpp.h; path = Queue.hpp; sourceTree = "<group>"; };
		3BC95EAD2125733100ABCBBF /* Stack.hpp */ = {isa = PBXFileReference; lastKnownFileType = sourcecode.cpp.h; path = Stack.hpp; sourceTree = "<group>"; };
		3BC95EAE2125733400ABCBBF /* Stack.cpp */ = {isa = PBXFileReference; lastKnownFileType = sourcecode.cpp.cpp; path = Stack.cpp; sourceTree = "<group>"; };
		3BC95EB3212573BF00ABCBBF /* StackUnitTest.cpp */ = {isa = PBXFileReference; lastKnownFileType = sourcecode.cpp.cpp; path = StackUnitTest.cpp; sourceTree = "<group>"; };
		3BC95EB4212573BF00ABCBBF /* StackUnitTest.hpp */ = {isa = PBXFileReference; lastKnownFileType = sourcecode.cpp.h; path = StackUnitTest.hpp; sourceTree = "<group>"; };
		3BC95EB62125744B00ABCBBF /* QueueUnitTest.cpp */ = {isa = PBXFileReference; lastKnownFileType = sourcecode.cpp.cpp; path = QueueUnitTest.cpp; sourceTree = "<group>"; };
		3BC95EB72125744B00ABCBBF /* QueueUnitTest.hpp */ = {isa = PBXFileReference; lastKnownFileType = sourcecode.cpp.h; path = QueueUnitTest.hpp; sourceTree = "<group>"; };
		3BC95EB9212574B400ABCBBF /* IntervalUnitTest.cpp */ = {isa = PBXFileReference; lastKnownFileType = sourcecode.cpp.cpp; path = IntervalUnitTest.cpp; sourceTree = "<group>"; };
		3BC95EBA212574B400ABCBBF /* IntervalUnitTest.hpp */ = {isa = PBXFileReference; lastKnownFileType = sourcecode.cpp.h; path = IntervalUnitTest.hpp; sourceTree = "<group>"; };
		3BC95EBC2125765000ABCBBF /* BTreeUnitTest.cpp */ = {isa = PBXFileReference; lastKnownFileType = sourcecode.cpp.cpp; path = BTreeUnitTest.cpp; sourceTree = "<group>"; };
		3BC95EBD2125765000ABCBBF /* BTreeUnitTest.hpp */ = {isa = PBXFileReference; lastKnownFileType = sourcecode.cpp.h; path = BTreeUnitTest.hpp; sourceTree = "<group>"; };
		3BE3EB9020ECA88400A100AA /* BTree */ = {isa = PBXFileReference; explicitFileType = "compiled.mach-o.executable"; includeInIndex = 0; path = BTree; sourceTree = BUILT_PRODUCTS_DIR; };
		3BE3EB9320ECA88400A100AA /* main.cpp */ = {isa = PBXFileReference; lastKnownFileType = sourcecode.cpp.cpp; path = main.cpp; sourceTree = "<group>"; };
		3BE3EB9A20ECA8A600A100AA /* BTree.cpp */ = {isa = PBXFileReference; lastKnownFileType = sourcecode.cpp.cpp; path = BTree.cpp; sourceTree = "<group>"; };
		3BE3EB9B20ECA8A600A100AA /* BTree.hpp */ = {isa = PBXFileReference; lastKnownFileType = sourcecode.cpp.h; path = BTree.hpp; sourceTree = "<group>"; };
/* End PBXFileReference section */

/* Begin PBXFrameworksBuildPhase section */
		3BE3EB8D20ECA88400A100AA /* Frameworks */ = {
			isa = PBXFrameworksBuildPhase;
			buildActionMask = 2147483647;
			files = (
				3B0D5BBF21268E6000E7D13F /* gtest.framework in Frameworks */,
			);
			runOnlyForDeploymentPostprocessing = 0;
		};
/* End PBXFrameworksBuildPhase section */

/* Begin PBXGroup section */
		3BC95EA6212572F600ABCBBF /* Queue */ = {
			isa = PBXGroup;
			children = (
				3BC95EA72125730700ABCBBF /* Queue.cpp */,
				3BC95EA92125730C00ABCBBF /* Queue.hpp */,
				3BC95EB62125744B00ABCBBF /* QueueUnitTest.cpp */,
				3BC95EB72125744B00ABCBBF /* QueueUnitTest.hpp */,
			);
			path = Queue;
			sourceTree = "<group>";
		};
		3BC95EAA2125731F00ABCBBF /* Stack */ = {
			isa = PBXGroup;
			children = (
				3BC95EAD2125733100ABCBBF /* Stack.hpp */,
				3BC95EAE2125733400ABCBBF /* Stack.cpp */,
				3BC95EB3212573BF00ABCBBF /* StackUnitTest.cpp */,
				3BC95EB4212573BF00ABCBBF /* StackUnitTest.hpp */,
			);
			path = Stack;
			sourceTree = "<group>";
		};
		3BC95EB02125737400ABCBBF /* Frameworks */ = {
			isa = PBXGroup;
			children = (
				3B0D5BBE21268E6000E7D13F /* gtest.framework */,
			);
			name = Frameworks;
			sourceTree = "<group>";
		};
		3BE3EB8720ECA88400A100AA = {
			isa = PBXGroup;
			children = (
				3BC95EAA2125731F00ABCBBF /* Stack */,
				3BC95EA6212572F600ABCBBF /* Queue */,
				3BE3EB9320ECA88400A100AA /* main.cpp */,
				3BE3EB9220ECA88400A100AA /* BTree */,
				3BE3EB9120ECA88400A100AA /* Products */,
				3BC95EB02125737400ABCBBF /* Frameworks */,
			);
			sourceTree = "<group>";
		};
		3BE3EB9120ECA88400A100AA /* Products */ = {
			isa = PBXGroup;
			children = (
				3BE3EB9020ECA88400A100AA /* BTree */,
			);
			name = Products;
			sourceTree = "<group>";
		};
		3BE3EB9220ECA88400A100AA /* BTree */ = {
			isa = PBXGroup;
			children = (
				3BE3EB9A20ECA8A600A100AA /* BTree.cpp */,
				3BE3EB9B20ECA8A600A100AA /* BTree.hpp */,
				3BC95EBC2125765000ABCBBF /* BTreeUnitTest.cpp */,
				3BC95EBD2125765000ABCBBF /* BTreeUnitTest.hpp */,
				3B4094CB20F6DB5800C4BE89 /* Interval.cpp */,
				3B4094CC20F6DB5800C4BE89 /* Interval.hpp */,
				3BC95EB9212574B400ABCBBF /* IntervalUnitTest.cpp */,
				3BC95EBA212574B400ABCBBF /* IntervalUnitTest.hpp */,
			);
			path = BTree;
			sourceTree = "<group>";
		};
/* End PBXGroup section */

/* Begin PBXNativeTarget section */
		3BE3EB8F20ECA88400A100AA /* BTree */ = {
			isa = PBXNativeTarget;
			buildConfigurationList = 3BE3EB9720ECA88400A100AA /* Build configuration list for PBXNativeTarget "BTree" */;
			buildPhases = (
				3BE3EB8C20ECA88400A100AA /* Sources */,
				3BE3EB8D20ECA88400A100AA /* Frameworks */,
				3BE3EB8E20ECA88400A100AA /* CopyFiles */,
			);
			buildRules = (
			);
			dependencies = (
			);
			name = BTree;
			productName = TwoThreeBTree;
			productReference = 3BE3EB9020ECA88400A100AA /* BTree */;
			productType = "com.apple.product-type.tool";
		};
/* End PBXNativeTarget section */

/* Begin PBXProject section */
		3BE3EB8820ECA88400A100AA /* Project object */ = {
			isa = PBXProject;
			attributes = {
				LastUpgradeCheck = 0940;
				ORGANIZATIONNAME = "Richard Szeto";
				TargetAttributes = {
					3BE3EB8F20ECA88400A100AA = {
						CreatedOnToolsVersion = 9.4.1;
					};
				};
			};
			buildConfigurationList = 3BE3EB8B20ECA88400A100AA /* Build configuration list for PBXProject "BTree" */;
			compatibilityVersion = "Xcode 9.3";
			developmentRegion = en;
			hasScannedForEncodings = 0;
			knownRegions = (
				en,
			);
			mainGroup = 3BE3EB8720ECA88400A100AA;
			productRefGroup = 3BE3EB9120ECA88400A100AA /* Products */;
			projectDirPath = "";
			projectRoot = "";
			targets = (
				3BE3EB8F20ECA88400A100AA /* BTree */,
			);
		};
/* End PBXProject section */

/* Begin PBXSourcesBuildPhase section */
		3BE3EB8C20ECA88400A100AA /* Sources */ = {
			isa = PBXSourcesBuildPhase;
			buildActionMask = 2147483647;
			files = (
				3BC95EAF2125733400ABCBBF /* Stack.cpp in Sources */,
				3BC95EA82125730800ABCBBF /* Queue.cpp in Sources */,
				3BC95EBB212574B400ABCBBF /* IntervalUnitTest.cpp in Sources */,
				3BC95EB82125744B00ABCBBF /* QueueUnitTest.cpp in Sources */,
				3BC95EBE2125765000ABCBBF /* BTreeUnitTest.cpp in Sources */,
				3B4094CD20F6DB5800C4BE89 /* Interval.cpp in Sources */,
				3BE3EB9C20ECA8A600A100AA /* BTree.cpp in Sources */,
				3BC95EB5212573BF00ABCBBF /* StackUnitTest.cpp in Sources */,
				3BE3EB9420ECA88400A100AA /* main.cpp in Sources */,
			);
			runOnlyForDeploymentPostprocessing = 0;
		};
/* End PBXSourcesBuildPhase section */

/* Begin XCBuildConfiguration section */
		3BE3EB9520ECA88400A100AA /* Debug */ = {
			isa = XCBuildConfiguration;
			buildSettings = {
				ALWAYS_SEARCH_USER_PATHS = NO;
				CLANG_ANALYZER_NONNULL = YES;
				CLANG_ANALYZER_NUMBER_OBJECT_CONVERSION = YES_AGGRESSIVE;
				CLANG_CXX_LANGUAGE_STANDARD = "gnu++14";
				CLANG_CXX_LIBRARY = "libc++";
				CLANG_ENABLE_MODULES = YES;
				CLANG_ENABLE_OBJC_ARC = YES;
				CLANG_ENABLE_OBJC_WEAK = YES;
				CLANG_WARN_BLOCK_CAPTURE_AUTORELEASING = YES;
				CLANG_WARN_BOOL_CONVERSION = YES;
				CLANG_WARN_COMMA = YES;
				CLANG_WARN_CONSTANT_CONVERSION = YES;
				CLANG_WARN_DEPRECATED_OBJC_IMPLEMENTATIONS = YES;
				CLANG_WARN_DIRECT_OBJC_ISA_USAGE = YES_ERROR;
				CLANG_WARN_DOCUMENTATION_COMMENTS = YES;
				CLANG_WARN_EMPTY_BODY = YES;
				CLANG_WARN_ENUM_CONVERSION = YES;
				CLANG_WARN_INFINITE_RECURSION = YES;
				CLANG_WARN_INT_CONVERSION = YES;
				CLANG_WARN_NON_LITERAL_NULL_CONVERSION = YES;
				CLANG_WARN_OBJC_IMPLICIT_RETAIN_SELF = YES;
				CLANG_WARN_OBJC_LITERAL_CONVERSION = YES;
				CLANG_WARN_OBJC_ROOT_CLASS = YES_ERROR;
				CLANG_WARN_RANGE_LOOP_ANALYSIS = YES;
				CLANG_WARN_STRICT_PROTOTYPES = YES;
				CLANG_WARN_SUSPICIOUS_MOVE = YES;
				CLANG_WARN_UNGUARDED_AVAILABILITY = YES_AGGRESSIVE;
				CLANG_WARN_UNREACHABLE_CODE = YES;
				CLANG_WARN__DUPLICATE_METHOD_MATCH = YES;
				CODE_SIGN_IDENTITY = "-";
				COPY_PHASE_STRIP = NO;
				DEBUG_INFORMATION_FORMAT = dwarf;
				ENABLE_STRICT_OBJC_MSGSEND = YES;
				ENABLE_TESTABILITY = YES;
				GCC_C_LANGUAGE_STANDARD = gnu11;
				GCC_DYNAMIC_NO_PIC = NO;
				GCC_NO_COMMON_BLOCKS = YES;
				GCC_OPTIMIZATION_LEVEL = 0;
				GCC_PREPROCESSOR_DEFINITIONS = (
					"DEBUG=1",
					"$(inherited)",
				);
				GCC_WARN_64_TO_32_BIT_CONVERSION = YES;
				GCC_WARN_ABOUT_RETURN_TYPE = YES_ERROR;
				GCC_WARN_UNDECLARED_SELECTOR = YES;
				GCC_WARN_UNINITIALIZED_AUTOS = YES_AGGRESSIVE;
				GCC_WARN_UNUSED_FUNCTION = YES;
				GCC_WARN_UNUSED_VARIABLE = YES;
				MACOSX_DEPLOYMENT_TARGET = 10.13;
				MTL_ENABLE_DEBUG_INFO = YES;
				ONLY_ACTIVE_ARCH = YES;
				SDKROOT = macosx;
			};
			name = Debug;
		};
		3BE3EB9620ECA88400A100AA /* Release */ = {
			isa = XCBuildConfiguration;
			buildSettings = {
				ALWAYS_SEARCH_USER_PATHS = NO;
				CLANG_ANALYZER_NONNULL = YES;
				CLANG_ANALYZER_NUMBER_OBJECT_CONVERSION = YES_AGGRESSIVE;
				CLANG_CXX_LANGUAGE_STANDARD = "gnu++14";
				CLANG_CXX_LIBRARY = "libc++";
				CLANG_ENABLE_MODULES = YES;
				CLANG_ENABLE_OBJC_ARC = YES;
				CLANG_ENABLE_OBJC_WEAK = YES;
				CLANG_WARN_BLOCK_CAPTURE_AUTORELEASING = YES;
				CLANG_WARN_BOOL_CONVERSION = YES;
				CLANG_WARN_COMMA = YES;
				CLANG_WARN_CONSTANT_CONVERSION = YES;
				CLANG_WARN_DEPRECATED_OBJC_IMPLEMENTATIONS = YES;
				CLANG_WARN_DIRECT_OBJC_ISA_USAGE = YES_ERROR;
				CLANG_WARN_DOCUMENTATION_COMMENTS = YES;
				CLANG_WARN_EMPTY_BODY = YES;
				CLANG_WARN_ENUM_CONVERSION = YES;
				CLANG_WARN_INFINITE_RECURSION = YES;
				CLANG_WARN_INT_CONVERSION = YES;
				CLANG_WARN_NON_LITERAL_NULL_CONVERSION = YES;
				CLANG_WARN_OBJC_IMPLICIT_RETAIN_SELF = YES;
				CLANG_WARN_OBJC_LITERAL_CONVERSION = YES;
				CLANG_WARN_OBJC_ROOT_CLASS = YES_ERROR;
				CLANG_WARN_RANGE_LOOP_ANALYSIS = YES;
				CLANG_WARN_STRICT_PROTOTYPES = YES;
				CLANG_WARN_SUSPICIOUS_MOVE = YES;
				CLANG_WARN_UNGUARDED_AVAILABILITY = YES_AGGRESSIVE;
				CLANG_WARN_UNREACHABLE_CODE = YES;
				CLANG_WARN__DUPLICATE_METHOD_MATCH = YES;
				CODE_SIGN_IDENTITY = "-";
				COPY_PHASE_STRIP = NO;
				DEBUG_INFORMATION_FORMAT = "dwarf-with-dsym";
				ENABLE_NS_ASSERTIONS = NO;
				ENABLE_STRICT_OBJC_MSGSEND = YES;
				GCC_C_LANGUAGE_STANDARD = gnu11;
				GCC_NO_COMMON_BLOCKS = YES;
				GCC_WARN_64_TO_32_BIT_CONVERSION = YES;
				GCC_WARN_ABOUT_RETURN_TYPE = YES_ERROR;
				GCC_WARN_UNDECLARED_SELECTOR = YES;
				GCC_WARN_UNINITIALIZED_AUTOS = YES_AGGRESSIVE;
				GCC_WARN_UNUSED_FUNCTION = YES;
				GCC_WARN_UNUSED_VARIABLE = YES;
				MACOSX_DEPLOYMENT_TARGET = 10.13;
				MTL_ENABLE_DEBUG_INFO = NO;
				SDKROOT = macosx;
			};
			name = Release;
		};
		3BE3EB9820ECA88400A100AA /* Debug */ = {
			isa = XCBuildConfiguration;
			buildSettings = {
				CODE_SIGN_STYLE = Automatic;
				FRAMEWORK_SEARCH_PATHS = (
					"$(inherited)",
					"$(PROJECT_DIR)/googletest",
				);
				PRODUCT_NAME = "$(TARGET_NAME)";
			};
			name = Debug;
		};
		3BE3EB9920ECA88400A100AA /* Release */ = {
			isa = XCBuildConfiguration;
			buildSettings = {
				CODE_SIGN_STYLE = Automatic;
				FRAMEWORK_SEARCH_PATHS = (
					"$(inherited)",
					"$(PROJECT_DIR)/googletest",
				);
				PRODUCT_NAME = "$(TARGET_NAME)";
			};
			name = Release;
		};
/* End XCBuildConfiguration section */

/* Begin XCConfigurationList section */
		3BE3EB8B20ECA88400A100AA /* Build configuration list for PBXProject "BTree" */ = {
			isa = XCConfigurationList;
			buildConfigurations = (
				3BE3EB9520ECA88400A100AA /* Debug */,
				3BE3EB9620ECA88400A100AA /* Release */,
			);
			defaultConfigurationIsVisible = 0;
			defaultConfigurationName = Release;
		};
		3BE3EB9720ECA88400A100AA /* Build configuration list for PBXNativeTarget "BTree" */ = {
			isa = XCConfigurationList;
			buildConfigurations = (
				3BE3EB9820ECA88400A100AA /* Debug */,
				3BE3EB9920ECA88400A100AA /* Release */,
			);
			defaultConfigurationIsVisible = 0;
			defaultConfigurationName = Release;
		};
/* End XCConfigurationList section */
	};
	rootObject = 3BE3EB8820ECA88400A100AA /* Project object */;
}
